
Microsoft Visual Studio Solution File, Format Version 12.00
# Visual Studio Version 16
VisualStudioVersion = 25.0.1706.4
MinimumVisualStudioVersion = 10.0.40219.1
Project("{FAE04EC0-301F-11D3-BF4B-00C04F79EFBC}") = "Norboev_Asilbek_HW5", "Norboev_Asilbek_HW5\Norboev_Asilbek_HW5.csproj", "{0DF9C5BE-E604-4F19-A184-5354601FB046}"
EndProject
Global
	GlobalSection(SolutionConfigurationPlatforms) = preSolution
		Debug|Any CPU = Debug|Any CPU
		Release|Any CPU = Release|Any CPU
	EndGlobalSection
	GlobalSection(ProjectConfigurationPlatforms) = postSolution
		{0DF9C5BE-E604-4F19-A184-5354601FB046}.Debug|Any CPU.ActiveCfg = Debug|Any CPU
		{0DF9C5BE-E604-4F19-A184-5354601FB046}.Debug|Any CPU.Build.0 = Debug|Any CPU
		{0DF9C5BE-E604-4F19-A184-5354601FB046}.Release|Any CPU.ActiveCfg = Release|Any CPU
		{0DF9C5BE-E604-4F19-A184-5354601FB046}.Release|Any CPU.Build.0 = Release|Any CPU
	EndGlobalSection
	GlobalSection(SolutionProperties) = preSolution
		HideSolutionNode = FALSE
	EndGlobalSection
	GlobalSection(ExtensibilityGlobals) = postSolution
		SolutionGuid = {738D678F-C9F0-4434-A4C6-7FBED86EFBDF}
	EndGlobalSection
EndGlobal
